{
  "pins" : [
    {
      "identity" : "express-video-ios",
      "kind" : "remoteSourceControl",
      "location" : "https://github.com/zegolibrary/express-video-ios",
      "state" : {
        "revision" : "ba285dce4ccf345b97b46197fa47f46437505c68",
        "version" : "3.2.0"
      }
    },
    {
      "identity" : "zego_plugin_adapter_ios",
      "kind" : "remoteSourceControl",
      "location" : "https://github.com/ZEGOCLOUD/zego_plugin_adapter_ios.git",
      "state" : {
        "revision" : "b0a897f8ed5ff79daa2f0a43fe795c0db5626ebb",
        "version" : "2.0.0"
      }
    }
  ],
  "version" : 2
}
